
Microsoft Visual Studio Solution File, Format Version 12.00
# Visual Studio Version 16
VisualStudioVersion = 16.0.30517.126
MinimumVisualStudioVersion = 10.0.40219.1
Project("{FAE04EC0-301F-11D3-BF4B-00C04F79EFBC}") = "NotissimusApp", "NotissimusApp\NotissimusApp.csproj", "{AB82EAEB-55EC-4875-B623-C7D0DDD37A4D}"
EndProject
Global
	GlobalSection(SolutionConfigurationPlatforms) = preSolution
		Debug|Any CPU = Debug|Any CPU
		Release|Any CPU = Release|Any CPU
	EndGlobalSection
	GlobalSection(ProjectConfigurationPlatforms) = postSolution
		{AB82EAEB-55EC-4875-B623-C7D0DDD37A4D}.Debug|Any CPU.ActiveCfg = Debug|Any CPU
		{AB82EAEB-55EC-4875-B623-C7D0DDD37A4D}.Debug|Any CPU.Build.0 = Debug|Any CPU
		{AB82EAEB-55EC-4875-B623-C7D0DDD37A4D}.Debug|Any CPU.Deploy.0 = Debug|Any CPU
		{AB82EAEB-55EC-4875-B623-C7D0DDD37A4D}.Release|Any CPU.ActiveCfg = Release|Any CPU
		{AB82EAEB-55EC-4875-B623-C7D0DDD37A4D}.Release|Any CPU.Build.0 = Release|Any CPU
		{AB82EAEB-55EC-4875-B623-C7D0DDD37A4D}.Release|Any CPU.Deploy.0 = Release|Any CPU
	EndGlobalSection
	GlobalSection(SolutionProperties) = preSolution
		HideSolutionNode = FALSE
	EndGlobalSection
	GlobalSection(ExtensibilityGlobals) = postSolution
		SolutionGuid = {FB0A91F9-468F-4A50-ACDB-6B0A71160CCE}
	EndGlobalSection
EndGlobal
